
Microsoft Visual Studio Solution File, Format Version 11.00
# Visual Basic Express 2010
Project("{F184B08F-C81C-45F6-A57F-5ABD9991F28F}") = "Conference Registration System", "Conference Registration System\Conference Registration System.vbproj", "{87D30A51-C033-4665-902A-A055909B3EC0}"
EndProject
Global
	GlobalSection(SolutionConfigurationPlatforms) = preSolution
		Debug|x86 = Debug|x86
		Release|x86 = Release|x86
	EndGlobalSection
	GlobalSection(ProjectConfigurationPlatforms) = postSolution
		{87D30A51-C033-4665-902A-A055909B3EC0}.Debug|x86.ActiveCfg = Debug|x86
		{87D30A51-C033-4665-902A-A055909B3EC0}.Debug|x86.Build.0 = Debug|x86
		{87D30A51-C033-4665-902A-A055909B3EC0}.Release|x86.ActiveCfg = Release|x86
		{87D30A51-C033-4665-902A-A055909B3EC0}.Release|x86.Build.0 = Release|x86
	EndGlobalSection
	GlobalSection(SolutionProperties) = preSolution
		HideSolutionNode = FALSE
	EndGlobalSection
EndGlobal
